
Microsoft Visual Studio Solution File, Format Version 12.00
# Visual Studio 2013
VisualStudioVersion = 12.0.31101.0
MinimumVisualStudioVersion = 10.0.40219.1
Project("{FAE04EC0-301F-11D3-BF4B-00C04F79EFBC}") = "Pertagas.IPL.Common", "Pertagas.IPL.Common\Pertagas.IPL.Common.csproj", "{526100F4-9ABC-4E50-BECF-AB2A027C6E4E}"
EndProject
Project("{FAE04EC0-301F-11D3-BF4B-00C04F79EFBC}") = "Pertagas.IPL.Domain", "Pertagas.IPL.Domain\Pertagas.IPL.Domain.csproj", "{6F9EE4F0-A28B-4894-A8EF-3EE1826F7FF1}"
EndProject
Project("{FAE04EC0-301F-11D3-BF4B-00C04F79EFBC}") = "Pertagas.IPL.DataAccess", "Pertagas.IPL.DataAccess\Pertagas.IPL.DataAccess.csproj", "{A924F346-8C18-4B01-966C-AB1FDF2D0E70}"
EndProject
Project("{2150E333-8FDC-42A3-9474-1A3956D46DE8}") = "Pertagas.IPL.Libraries", "Pertagas.IPL.Libraries", "{A798A39E-D945-4261-9B36-D22F54914C7F}"
EndProject
Project("{2150E333-8FDC-42A3-9474-1A3956D46DE8}") = "SQLite", "SQLite", "{FFCE3362-5A32-4A37-80FF-6147296603E9}"
EndProject
Project("{2150E333-8FDC-42A3-9474-1A3956D46DE8}") = "x86", "x86", "{D3729570-BD32-420A-A499-E7D5C29D2806}"
EndProject
Project("{2150E333-8FDC-42A3-9474-1A3956D46DE8}") = "x64", "x64", "{3C9AEB65-9DC2-4E52-819D-D144CA5F5E0B}"
	ProjectSection(SolutionItems) = preProject
		Pertagas.IPL.Libraries\SQLite\x64\System.Data.SQLite.dll = Pertagas.IPL.Libraries\SQLite\x64\System.Data.SQLite.dll
	EndProjectSection
EndProject
Project("{FAE04EC0-301F-11D3-BF4B-00C04F79EFBC}") = "Pertagas.IPL.Logic", "Pertagas.IPL.Logic\Pertagas.IPL.Logic.csproj", "{5A425A0E-7ECD-46E0-A7B6-4773498B3DAD}"
EndProject
Project("{FAE04EC0-301F-11D3-BF4B-00C04F79EFBC}") = "Pertagas.IPL.View", "Pertagas.IPL.View\Pertagas.IPL.View.csproj", "{A2AF1983-E731-43A8-91BC-0FEC13FCC625}"
EndProject
Project("{6141683F-8A12-4E36-9623-2EB02B2C2303}") = "Pertagas.IPL.SetupX86", "Pertagas.IPL.SetupX86\Pertagas.IPL.SetupX86.isproj", "{6D3377A4-1FF8-4039-BE0C-957A2E00FB1A}"
	ProjectSection(ProjectDependencies) = postProject
		{5A425A0E-7ECD-46E0-A7B6-4773498B3DAD} = {5A425A0E-7ECD-46E0-A7B6-4773498B3DAD}
		{A924F346-8C18-4B01-966C-AB1FDF2D0E70} = {A924F346-8C18-4B01-966C-AB1FDF2D0E70}
		{A2AF1983-E731-43A8-91BC-0FEC13FCC625} = {A2AF1983-E731-43A8-91BC-0FEC13FCC625}
		{6F9EE4F0-A28B-4894-A8EF-3EE1826F7FF1} = {6F9EE4F0-A28B-4894-A8EF-3EE1826F7FF1}
		{526100F4-9ABC-4E50-BECF-AB2A027C6E4E} = {526100F4-9ABC-4E50-BECF-AB2A027C6E4E}
	EndProjectSection
EndProject
Project("{6141683F-8A12-4E36-9623-2EB02B2C2303}") = "Pertagas.IPL.SetupX64", "Pertagas.IPL.SetupX64\Pertagas.IPL.SetupX64.isproj", "{0B396F6C-10F7-4B02-88DE-986CED1268B8}"
	ProjectSection(ProjectDependencies) = postProject
		{5A425A0E-7ECD-46E0-A7B6-4773498B3DAD} = {5A425A0E-7ECD-46E0-A7B6-4773498B3DAD}
		{A924F346-8C18-4B01-966C-AB1FDF2D0E70} = {A924F346-8C18-4B01-966C-AB1FDF2D0E70}
		{A2AF1983-E731-43A8-91BC-0FEC13FCC625} = {A2AF1983-E731-43A8-91BC-0FEC13FCC625}
		{6F9EE4F0-A28B-4894-A8EF-3EE1826F7FF1} = {6F9EE4F0-A28B-4894-A8EF-3EE1826F7FF1}
		{526100F4-9ABC-4E50-BECF-AB2A027C6E4E} = {526100F4-9ABC-4E50-BECF-AB2A027C6E4E}
	EndProjectSection
EndProject
Global
	GlobalSection(SolutionConfigurationPlatforms) = preSolution
		CD_ROM|Any CPU = CD_ROM|Any CPU
		Debug|Any CPU = Debug|Any CPU
		DVD-5|Any CPU = DVD-5|Any CPU
		Release|Any CPU = Release|Any CPU
		SingleImage|Any CPU = SingleImage|Any CPU
	EndGlobalSection
	GlobalSection(ProjectConfigurationPlatforms) = postSolution
		{526100F4-9ABC-4E50-BECF-AB2A027C6E4E}.CD_ROM|Any CPU.ActiveCfg = Release|Any CPU
		{526100F4-9ABC-4E50-BECF-AB2A027C6E4E}.CD_ROM|Any CPU.Build.0 = Release|Any CPU
		{526100F4-9ABC-4E50-BECF-AB2A027C6E4E}.Debug|Any CPU.ActiveCfg = Debug|Any CPU
		{526100F4-9ABC-4E50-BECF-AB2A027C6E4E}.Debug|Any CPU.Build.0 = Debug|Any CPU
		{526100F4-9ABC-4E50-BECF-AB2A027C6E4E}.DVD-5|Any CPU.ActiveCfg = Debug|Any CPU
		{526100F4-9ABC-4E50-BECF-AB2A027C6E4E}.DVD-5|Any CPU.Build.0 = Debug|Any CPU
		{526100F4-9ABC-4E50-BECF-AB2A027C6E4E}.Release|Any CPU.ActiveCfg = Release|Any CPU
		{526100F4-9ABC-4E50-BECF-AB2A027C6E4E}.Release|Any CPU.Build.0 = Release|Any CPU
		{526100F4-9ABC-4E50-BECF-AB2A027C6E4E}.SingleImage|Any CPU.ActiveCfg = Release|Any CPU
		{526100F4-9ABC-4E50-BECF-AB2A027C6E4E}.SingleImage|Any CPU.Build.0 = Release|Any CPU
		{6F9EE4F0-A28B-4894-A8EF-3EE1826F7FF1}.CD_ROM|Any CPU.ActiveCfg = Release|Any CPU
		{6F9EE4F0-A28B-4894-A8EF-3EE1826F7FF1}.CD_ROM|Any CPU.Build.0 = Release|Any CPU
		{6F9EE4F0-A28B-4894-A8EF-3EE1826F7FF1}.Debug|Any CPU.ActiveCfg = Debug|Any CPU
		{6F9EE4F0-A28B-4894-A8EF-3EE1826F7FF1}.Debug|Any CPU.Build.0 = Debug|Any CPU
		{6F9EE4F0-A28B-4894-A8EF-3EE1826F7FF1}.DVD-5|Any CPU.ActiveCfg = Debug|Any CPU
		{6F9EE4F0-A28B-4894-A8EF-3EE1826F7FF1}.DVD-5|Any CPU.Build.0 = Debug|Any CPU
		{6F9EE4F0-A28B-4894-A8EF-3EE1826F7FF1}.Release|Any CPU.ActiveCfg = Release|Any CPU
		{6F9EE4F0-A28B-4894-A8EF-3EE1826F7FF1}.Release|Any CPU.Build.0 = Release|Any CPU
		{6F9EE4F0-A28B-4894-A8EF-3EE1826F7FF1}.SingleImage|Any CPU.ActiveCfg = Release|Any CPU
		{6F9EE4F0-A28B-4894-A8EF-3EE1826F7FF1}.SingleImage|Any CPU.Build.0 = Release|Any CPU
		{A924F346-8C18-4B01-966C-AB1FDF2D0E70}.CD_ROM|Any CPU.ActiveCfg = Release|Any CPU
		{A924F346-8C18-4B01-966C-AB1FDF2D0E70}.CD_ROM|Any CPU.Build.0 = Release|Any CPU
		{A924F346-8C18-4B01-966C-AB1FDF2D0E70}.Debug|Any CPU.ActiveCfg = Debug|Any CPU
		{A924F346-8C18-4B01-966C-AB1FDF2D0E70}.Debug|Any CPU.Build.0 = Debug|Any CPU
		{A924F346-8C18-4B01-966C-AB1FDF2D0E70}.DVD-5|Any CPU.ActiveCfg = Debug|Any CPU
		{A924F346-8C18-4B01-966C-AB1FDF2D0E70}.DVD-5|Any CPU.Build.0 = Debug|Any CPU
		{A924F346-8C18-4B01-966C-AB1FDF2D0E70}.Release|Any CPU.ActiveCfg = Release|Any CPU
		{A924F346-8C18-4B01-966C-AB1FDF2D0E70}.Release|Any CPU.Build.0 = Release|Any CPU
		{A924F346-8C18-4B01-966C-AB1FDF2D0E70}.SingleImage|Any CPU.ActiveCfg = Release|Any CPU
		{A924F346-8C18-4B01-966C-AB1FDF2D0E70}.SingleImage|Any CPU.Build.0 = Release|Any CPU
		{5A425A0E-7ECD-46E0-A7B6-4773498B3DAD}.CD_ROM|Any CPU.ActiveCfg = Release|Any CPU
		{5A425A0E-7ECD-46E0-A7B6-4773498B3DAD}.CD_ROM|Any CPU.Build.0 = Release|Any CPU
		{5A425A0E-7ECD-46E0-A7B6-4773498B3DAD}.Debug|Any CPU.ActiveCfg = Debug|Any CPU
		{5A425A0E-7ECD-46E0-A7B6-4773498B3DAD}.Debug|Any CPU.Build.0 = Debug|Any CPU
		{5A425A0E-7ECD-46E0-A7B6-4773498B3DAD}.DVD-5|Any CPU.ActiveCfg = Debug|Any CPU
		{5A425A0E-7ECD-46E0-A7B6-4773498B3DAD}.DVD-5|Any CPU.Build.0 = Debug|Any CPU
		{5A425A0E-7ECD-46E0-A7B6-4773498B3DAD}.Release|Any CPU.ActiveCfg = Release|Any CPU
		{5A425A0E-7ECD-46E0-A7B6-4773498B3DAD}.Release|Any CPU.Build.0 = Release|Any CPU
		{5A425A0E-7ECD-46E0-A7B6-4773498B3DAD}.SingleImage|Any CPU.ActiveCfg = Release|Any CPU
		{5A425A0E-7ECD-46E0-A7B6-4773498B3DAD}.SingleImage|Any CPU.Build.0 = Release|Any CPU
		{A2AF1983-E731-43A8-91BC-0FEC13FCC625}.CD_ROM|Any CPU.ActiveCfg = Release|Any CPU
		{A2AF1983-E731-43A8-91BC-0FEC13FCC625}.CD_ROM|Any CPU.Build.0 = Release|Any CPU
		{A2AF1983-E731-43A8-91BC-0FEC13FCC625}.Debug|Any CPU.ActiveCfg = Debug|Any CPU
		{A2AF1983-E731-43A8-91BC-0FEC13FCC625}.Debug|Any CPU.Build.0 = Debug|Any CPU
		{A2AF1983-E731-43A8-91BC-0FEC13FCC625}.DVD-5|Any CPU.ActiveCfg = Debug|Any CPU
		{A2AF1983-E731-43A8-91BC-0FEC13FCC625}.DVD-5|Any CPU.Build.0 = Debug|Any CPU
		{A2AF1983-E731-43A8-91BC-0FEC13FCC625}.Release|Any CPU.ActiveCfg = Release|Any CPU
		{A2AF1983-E731-43A8-91BC-0FEC13FCC625}.Release|Any CPU.Build.0 = Release|Any CPU
		{A2AF1983-E731-43A8-91BC-0FEC13FCC625}.SingleImage|Any CPU.ActiveCfg = Release|Any CPU
		{A2AF1983-E731-43A8-91BC-0FEC13FCC625}.SingleImage|Any CPU.Build.0 = Release|Any CPU
		{6D3377A4-1FF8-4039-BE0C-957A2E00FB1A}.CD_ROM|Any CPU.ActiveCfg = CD_ROM
		{6D3377A4-1FF8-4039-BE0C-957A2E00FB1A}.CD_ROM|Any CPU.Build.0 = CD_ROM
		{6D3377A4-1FF8-4039-BE0C-957A2E00FB1A}.Debug|Any CPU.ActiveCfg = DVD-5
		{6D3377A4-1FF8-4039-BE0C-957A2E00FB1A}.Debug|Any CPU.Build.0 = DVD-5
		{6D3377A4-1FF8-4039-BE0C-957A2E00FB1A}.DVD-5|Any CPU.ActiveCfg = DVD-5
		{6D3377A4-1FF8-4039-BE0C-957A2E00FB1A}.DVD-5|Any CPU.Build.0 = DVD-5
		{6D3377A4-1FF8-4039-BE0C-957A2E00FB1A}.Release|Any CPU.ActiveCfg = SingleImage
		{6D3377A4-1FF8-4039-BE0C-957A2E00FB1A}.Release|Any CPU.Build.0 = SingleImage
		{6D3377A4-1FF8-4039-BE0C-957A2E00FB1A}.SingleImage|Any CPU.ActiveCfg = SingleImage
		{6D3377A4-1FF8-4039-BE0C-957A2E00FB1A}.SingleImage|Any CPU.Build.0 = SingleImage
		{0B396F6C-10F7-4B02-88DE-986CED1268B8}.CD_ROM|Any CPU.ActiveCfg = CD_ROM
		{0B396F6C-10F7-4B02-88DE-986CED1268B8}.CD_ROM|Any CPU.Build.0 = CD_ROM
		{0B396F6C-10F7-4B02-88DE-986CED1268B8}.Debug|Any CPU.ActiveCfg = DVD-5
		{0B396F6C-10F7-4B02-88DE-986CED1268B8}.Debug|Any CPU.Build.0 = DVD-5
		{0B396F6C-10F7-4B02-88DE-986CED1268B8}.DVD-5|Any CPU.ActiveCfg = DVD-5
		{0B396F6C-10F7-4B02-88DE-986CED1268B8}.DVD-5|Any CPU.Build.0 = DVD-5
		{0B396F6C-10F7-4B02-88DE-986CED1268B8}.Release|Any CPU.ActiveCfg = SingleImage
		{0B396F6C-10F7-4B02-88DE-986CED1268B8}.Release|Any CPU.Build.0 = SingleImage
		{0B396F6C-10F7-4B02-88DE-986CED1268B8}.SingleImage|Any CPU.ActiveCfg = SingleImage
		{0B396F6C-10F7-4B02-88DE-986CED1268B8}.SingleImage|Any CPU.Build.0 = SingleImage
	EndGlobalSection
	GlobalSection(SolutionProperties) = preSolution
		HideSolutionNode = FALSE
	EndGlobalSection
	GlobalSection(NestedProjects) = preSolution
		{FFCE3362-5A32-4A37-80FF-6147296603E9} = {A798A39E-D945-4261-9B36-D22F54914C7F}
		{D3729570-BD32-420A-A499-E7D5C29D2806} = {FFCE3362-5A32-4A37-80FF-6147296603E9}
		{3C9AEB65-9DC2-4E52-819D-D144CA5F5E0B} = {FFCE3362-5A32-4A37-80FF-6147296603E9}
	EndGlobalSection
EndGlobal
